
Microsoft Visual Studio Solution File, Format Version 12.00
# Visual Studio Version 17
VisualStudioVersion = 17.14.36203.30
MinimumVisualStudioVersion = 10.0.40219.1
Project("{8BC9CEB8-8B4A-11D0-8D11-00A0C91BC942}") = "App", "Project1\Project1.vcxproj", "{59F04F75-9705-4924-B1B8-BDDBC13F65C9}"
EndProject
Project("{8BC9CEB8-8B4A-11D0-8D11-00A0C91BC942}") = "Delegate", "Delegate\Delegate.vcxproj", "{8886DF4B-5174-4DAB-8FDF-9FA273653FD0}"
EndProject
Project("{8BC9CEB8-8B4A-11D0-8D11-00A0C91BC942}") = "Hardware", "sources\Hardware.vcxproj", "{F54C08A1-14DE-4750-9F4C-BEBF64C6F0A6}"
EndProject
Global
	GlobalSection(SolutionConfigurationPlatforms) = preSolution
		Debug|x64 = Debug|x64
		Debug|x86 = Debug|x86
		Release|x64 = Release|x64
		Release|x86 = Release|x86
	EndGlobalSection
	GlobalSection(ProjectConfigurationPlatforms) = postSolution
		{59F04F75-9705-4924-B1B8-BDDBC13F65C9}.Debug|x64.ActiveCfg = Debug|x64
		{59F04F75-9705-4924-B1B8-BDDBC13F65C9}.Debug|x64.Build.0 = Debug|x64
		{59F04F75-9705-4924-B1B8-BDDBC13F65C9}.Debug|x86.ActiveCfg = Debug|Win32
		{59F04F75-9705-4924-B1B8-BDDBC13F65C9}.Debug|x86.Build.0 = Debug|Win32
		{59F04F75-9705-4924-B1B8-BDDBC13F65C9}.Release|x64.ActiveCfg = Release|x64
		{59F04F75-9705-4924-B1B8-BDDBC13F65C9}.Release|x64.Build.0 = Release|x64
		{59F04F75-9705-4924-B1B8-BDDBC13F65C9}.Release|x86.ActiveCfg = Release|Win32
		{59F04F75-9705-4924-B1B8-BDDBC13F65C9}.Release|x86.Build.0 = Release|Win32
		{8886DF4B-5174-4DAB-8FDF-9FA273653FD0}.Debug|x64.ActiveCfg = Debug|x64
		{8886DF4B-5174-4DAB-8FDF-9FA273653FD0}.Debug|x64.Build.0 = Debug|x64
		{8886DF4B-5174-4DAB-8FDF-9FA273653FD0}.Debug|x86.ActiveCfg = Debug|Win32
		{8886DF4B-5174-4DAB-8FDF-9FA273653FD0}.Debug|x86.Build.0 = Debug|Win32
		{8886DF4B-5174-4DAB-8FDF-9FA273653FD0}.Release|x64.ActiveCfg = Release|x64
		{8886DF4B-5174-4DAB-8FDF-9FA273653FD0}.Release|x64.Build.0 = Release|x64
		{8886DF4B-5174-4DAB-8FDF-9FA273653FD0}.Release|x86.ActiveCfg = Release|Win32
		{8886DF4B-5174-4DAB-8FDF-9FA273653FD0}.Release|x86.Build.0 = Release|Win32
		{F54C08A1-14DE-4750-9F4C-BEBF64C6F0A6}.Debug|x64.ActiveCfg = Debug|x64
		{F54C08A1-14DE-4750-9F4C-BEBF64C6F0A6}.Debug|x64.Build.0 = Debug|x64
		{F54C08A1-14DE-4750-9F4C-BEBF64C6F0A6}.Debug|x86.ActiveCfg = Debug|Win32
		{F54C08A1-14DE-4750-9F4C-BEBF64C6F0A6}.Debug|x86.Build.0 = Debug|Win32
		{F54C08A1-14DE-4750-9F4C-BEBF64C6F0A6}.Release|x64.ActiveCfg = Release|x64
		{F54C08A1-14DE-4750-9F4C-BEBF64C6F0A6}.Release|x64.Build.0 = Release|x64
		{F54C08A1-14DE-4750-9F4C-BEBF64C6F0A6}.Release|x86.ActiveCfg = Release|Win32
		{F54C08A1-14DE-4750-9F4C-BEBF64C6F0A6}.Release|x86.Build.0 = Release|Win32
	EndGlobalSection
	GlobalSection(SolutionProperties) = preSolution
		HideSolutionNode = FALSE
	EndGlobalSection
	GlobalSection(ExtensibilityGlobals) = postSolution
		SolutionGuid = {E48F348C-4378-4D93-9991-66D11530AE5D}
	EndGlobalSection
EndGlobal
